
Microsoft Visual Studio Solution File, Format Version 12.00
# Visual Studio Version 16
VisualStudioVersion = 16.0.29609.76
MinimumVisualStudioVersion = 10.0.40219.1
Project("{2150E333-8FDC-42A3-9474-1A3956D46DE8}") = "Solution Items", "Solution Items", "{F7BE92AF-6BDF-4098-907A-2F0B96F3804C}"
	ProjectSection(SolutionItems) = preProject
		build.fsx = build.fsx
	EndProjectSection
EndProject
Project("{00D1A9C2-B5F0-4AF3-8072-F6C62B433612}") = "FsharpAdventureWorks", "FsharpAdventureWorks\FsharpAdventureWorks.sqlproj", "{D61EF0A9-7747-4775-808D-E6293E7E6066}"
EndProject
Project("{00D1A9C2-B5F0-4AF3-8072-F6C62B433612}") = "FsharpAdventureWorksDW", "FsharpAdventureWorksDW\FsharpAdventureWorksDW.sqlproj", "{85BC4807-404B-4D13-9635-580EAE9FB204}"
EndProject
Global
	GlobalSection(SolutionConfigurationPlatforms) = preSolution
		Debug|Any CPU = Debug|Any CPU
		Release|Any CPU = Release|Any CPU
	EndGlobalSection
	GlobalSection(ProjectConfigurationPlatforms) = postSolution
		{D61EF0A9-7747-4775-808D-E6293E7E6066}.Debug|Any CPU.ActiveCfg = Debug|Any CPU
		{D61EF0A9-7747-4775-808D-E6293E7E6066}.Debug|Any CPU.Build.0 = Debug|Any CPU
		{D61EF0A9-7747-4775-808D-E6293E7E6066}.Debug|Any CPU.Deploy.0 = Debug|Any CPU
		{D61EF0A9-7747-4775-808D-E6293E7E6066}.Release|Any CPU.ActiveCfg = Release|Any CPU
		{D61EF0A9-7747-4775-808D-E6293E7E6066}.Release|Any CPU.Build.0 = Release|Any CPU
		{D61EF0A9-7747-4775-808D-E6293E7E6066}.Release|Any CPU.Deploy.0 = Release|Any CPU
		{85BC4807-404B-4D13-9635-580EAE9FB204}.Debug|Any CPU.ActiveCfg = Debug|Any CPU
		{85BC4807-404B-4D13-9635-580EAE9FB204}.Debug|Any CPU.Build.0 = Debug|Any CPU
		{85BC4807-404B-4D13-9635-580EAE9FB204}.Debug|Any CPU.Deploy.0 = Debug|Any CPU
		{85BC4807-404B-4D13-9635-580EAE9FB204}.Release|Any CPU.ActiveCfg = Release|Any CPU
		{85BC4807-404B-4D13-9635-580EAE9FB204}.Release|Any CPU.Build.0 = Release|Any CPU
		{85BC4807-404B-4D13-9635-580EAE9FB204}.Release|Any CPU.Deploy.0 = Release|Any CPU
	EndGlobalSection
	GlobalSection(SolutionProperties) = preSolution
		HideSolutionNode = FALSE
	EndGlobalSection
	GlobalSection(ExtensibilityGlobals) = postSolution
		SolutionGuid = {2B97724A-DD9E-4465-98AB-05CE45ACE873}
	EndGlobalSection
EndGlobal
